
Microsoft Visual Studio Solution File, Format Version 12.00
# Visual Studio Version 16
VisualStudioVersion = 16.0.30709.132
MinimumVisualStudioVersion = 10.0.40219.1
Project("{FAE04EC0-301F-11D3-BF4B-00C04F79EFBC}") = "OptionExpressions", "src\OptionExpressions\OptionExpressions.csproj", "{A07DC507-9072-4286-A36B-AD0A3BA1CF4B}"
EndProject
Global
	GlobalSection(SolutionConfigurationPlatforms) = preSolution
		Debug|Any CPU = Debug|Any CPU
		Release|Any CPU = Release|Any CPU
	EndGlobalSection
	GlobalSection(ProjectConfigurationPlatforms) = postSolution
		{A07DC507-9072-4286-A36B-AD0A3BA1CF4B}.Debug|Any CPU.ActiveCfg = Debug|Any CPU
		{A07DC507-9072-4286-A36B-AD0A3BA1CF4B}.Debug|Any CPU.Build.0 = Debug|Any CPU
		{A07DC507-9072-4286-A36B-AD0A3BA1CF4B}.Release|Any CPU.ActiveCfg = Release|Any CPU
		{A07DC507-9072-4286-A36B-AD0A3BA1CF4B}.Release|Any CPU.Build.0 = Release|Any CPU
	EndGlobalSection
	GlobalSection(SolutionProperties) = preSolution
		HideSolutionNode = FALSE
	EndGlobalSection
	GlobalSection(ExtensibilityGlobals) = postSolution
		SolutionGuid = {519DD169-3E8E-4DD5-B791-C48D09D52B18}
	EndGlobalSection
EndGlobal
